
Microsoft Visual Studio Solution File, Format Version 12.00
# Visual Studio 2012
Project("{FAE04EC0-301F-11D3-BF4B-00C04F79EFBC}") = "SportsStore.Domain", "SportsStore.Domain\SportsStore.Domain.csproj", "{8E4EF3CB-DEC3-485B-AAF9-16AEDE8552D1}"
EndProject
Project("{FAE04EC0-301F-11D3-BF4B-00C04F79EFBC}") = "SportsStore.WebUI", "SportsStore.WebUI\SportsStore.WebUI.csproj", "{365BDE51-3020-4C1C-A6F3-16AB2EBAD6A1}"
EndProject
Project("{FAE04EC0-301F-11D3-BF4B-00C04F79EFBC}") = "SportsStore.UnitTests", "SportsStore.UnitTests\SportsStore.UnitTests.csproj", "{BB04DA5E-9904-4BE4-A15C-F7A52B6E5D01}"
EndProject
Global
	GlobalSection(SolutionConfigurationPlatforms) = preSolution
		Debug|Any CPU = Debug|Any CPU
		Release|Any CPU = Release|Any CPU
	EndGlobalSection
	GlobalSection(ProjectConfigurationPlatforms) = postSolution
		{8E4EF3CB-DEC3-485B-AAF9-16AEDE8552D1}.Debug|Any CPU.ActiveCfg = Debug|Any CPU
		{8E4EF3CB-DEC3-485B-AAF9-16AEDE8552D1}.Debug|Any CPU.Build.0 = Debug|Any CPU
		{8E4EF3CB-DEC3-485B-AAF9-16AEDE8552D1}.Release|Any CPU.ActiveCfg = Release|Any CPU
		{8E4EF3CB-DEC3-485B-AAF9-16AEDE8552D1}.Release|Any CPU.Build.0 = Release|Any CPU
		{365BDE51-3020-4C1C-A6F3-16AB2EBAD6A1}.Debug|Any CPU.ActiveCfg = Debug|Any CPU
		{365BDE51-3020-4C1C-A6F3-16AB2EBAD6A1}.Debug|Any CPU.Build.0 = Debug|Any CPU
		{365BDE51-3020-4C1C-A6F3-16AB2EBAD6A1}.Release|Any CPU.ActiveCfg = Release|Any CPU
		{365BDE51-3020-4C1C-A6F3-16AB2EBAD6A1}.Release|Any CPU.Build.0 = Release|Any CPU
		{BB04DA5E-9904-4BE4-A15C-F7A52B6E5D01}.Debug|Any CPU.ActiveCfg = Debug|Any CPU
		{BB04DA5E-9904-4BE4-A15C-F7A52B6E5D01}.Debug|Any CPU.Build.0 = Debug|Any CPU
		{BB04DA5E-9904-4BE4-A15C-F7A52B6E5D01}.Release|Any CPU.ActiveCfg = Release|Any CPU
		{BB04DA5E-9904-4BE4-A15C-F7A52B6E5D01}.Release|Any CPU.Build.0 = Release|Any CPU
	EndGlobalSection
	GlobalSection(SolutionProperties) = preSolution
		HideSolutionNode = FALSE
	EndGlobalSection
EndGlobal
